# Generated by pub
# See https://dart.dev/tools/pub/glossary#lockfile
packages:
  _flutterfire_internals:
    dependency: transitive
    description:
      name: _flutterfire_internals
      sha256: f5628cd9c92ed11083f425fd1f8f1bc60ecdda458c81d73b143aeda036c35fe7
      url: "https://pub.dev"
    source: hosted
    version: "1.3.16"
  animations:
    dependency: "direct main"
    description:
      name: animations
      sha256: d3d6dcfb218225bbe68e87ccf6378bbb2e32a94900722c5f81611dad089911cb
      url: "https://pub.dev"
    source: hosted
    version: "2.0.11"
  async:
    dependency: transitive
    description:
      name: async
      sha256: "947bfcf187f74dbc5e146c9eb9c0f10c9f8b30743e341481c1e2ed3ecc18c20c"
      url: "https://pub.dev"
    source: hosted
    version: "2.11.0"
  boolean_selector:
    dependency: transitive
    description:
      name: boolean_selector
      sha256: "6cfb5af12253eaf2b368f07bacc5a80d1301a071c73360d746b7f2e32d762c66"
      url: "https://pub.dev"
    source: hosted
    version: "2.1.1"
  characters:
    dependency: transitive
    description:
      name: characters
      sha256: "04a925763edad70e8443c99234dc3328f442e811f1d8fd1a72f1c8ad0f69a605"
      url: "https://pub.dev"
    source: hosted
    version: "1.3.0"
  clock:
    dependency: transitive
    description:
      name: clock
      sha256: cb6d7f03e1de671e34607e909a7213e31d7752be4fb66a86d29fe1eb14bfb5cf
      url: "https://pub.dev"
    source: hosted
    version: "1.1.1"
  collection:
    dependency: transitive
    description:
      name: collection
      sha256: ee67cb0715911d28db6bf4af1026078bd6f0128b07a5f66fb2ed94ec6783c09a
      url: "https://pub.dev"
    source: hosted
    version: "1.18.0"
  crypto:
    dependency: "direct main"
    description:
      name: crypto
      sha256: ff625774173754681d66daaf4a448684fb04b78f902da9cb3d308c19cc5e8bab
      url: "https://pub.dev"
    source: hosted
    version: "3.0.3"
  cupertino_icons:
    dependency: "direct main"
    description:
      name: cupertino_icons
      sha256: d57953e10f9f8327ce64a508a355f0b1ec902193f66288e8cb5070e7c47eeb2d
      url: "https://pub.dev"
    source: hosted
    version: "1.0.6"
  dots_indicator:
    dependency: "direct main"
    description:
      name: dots_indicator
      sha256: f1599baa429936ba87f06ae5f2adc920a367b16d08f74db58c3d0f6e93bcdb5c
      url: "https://pub.dev"
    source: hosted
    version: "2.1.2"
  equatable:
    dependency: transitive
    description:
      name: equatable
      sha256: c2b87cb7756efdf69892005af546c56c0b5037f54d2a88269b4f347a505e3ca2
      url: "https://pub.dev"
    source: hosted
    version: "2.0.5"
  fake_async:
    dependency: transitive
    description:
      name: fake_async
      sha256: "511392330127add0b769b75a987850d136345d9227c6b94c96a04cf4a391bf78"
      url: "https://pub.dev"
    source: hosted
    version: "1.3.1"
  ffi:
    dependency: transitive
    description:
      name: ffi
      sha256: "7bf0adc28a23d395f19f3f1eb21dd7cfd1dd9f8e1c50051c069122e6853bc878"
      url: "https://pub.dev"
    source: hosted
    version: "2.1.0"
  firebase_analytics:
    dependency: "direct main"
    description:
      name: firebase_analytics
      sha256: "0240076090d77045d757aecb090616066d23b343840d4c21074094d6fe40a184"
      url: "https://pub.dev"
    source: hosted
    version: "10.8.0"
  firebase_analytics_platform_interface:
    dependency: transitive
    description:
      name: firebase_analytics_platform_interface
      sha256: "6d9baa077d16b47ef5f19d982c4fc475597991aa53b0c601216faa3e1cdab45f"
      url: "https://pub.dev"
    source: hosted
    version: "3.9.0"
  firebase_analytics_web:
    dependency: transitive
    description:
      name: firebase_analytics_web
      sha256: "89a740249bce9d52a99db4e501be6087ca6749c73c47cff2b174802be10abd81"
      url: "https://pub.dev"
    source: hosted
    version: "0.5.5+12"
  firebase_auth:
    dependency: "direct main"
    description:
      name: firebase_auth
      sha256: "279b2773ff61afd9763202cb5582e2b995ee57419d826b9af6517302a59b672f"
      url: "https://pub.dev"
    source: hosted
    version: "4.16.0"
  firebase_auth_platform_interface:
    dependency: transitive
    description:
      name: firebase_auth_platform_interface
      sha256: "3c9cfaccb7549492edf5b0c67c6dd1c6727c7830891aa6727f2fb225f0226626"
      url: "https://pub.dev"
    source: hosted
    version: "7.0.9"
  firebase_auth_web:
    dependency: transitive
    description:
      name: firebase_auth_web
      sha256: c7b1379ccef7abf4b6816eede67a868c44142198e42350f51c01d8fc03f95a7d
      url: "https://pub.dev"
    source: hosted
    version: "5.8.13"
  firebase_core:
    dependency: "direct main"
    description:
      name: firebase_core
      sha256: "96607c0e829a581c2a483c658f04e8b159964c3bae2730f73297070bc85d40bb"
      url: "https://pub.dev"
    source: hosted
    version: "2.24.2"
  firebase_core_platform_interface:
    dependency: transitive
    description:
      name: firebase_core_platform_interface
      sha256: c437ae5d17e6b5cc7981cf6fd458a5db4d12979905f9aafd1fea930428a9fe63
      url: "https://pub.dev"
    source: hosted
    version: "5.0.0"
  firebase_core_web:
    dependency: transitive
    description:
      name: firebase_core_web
      sha256: d585bdf3c656c3f7821ba1bd44da5f13365d22fcecaf5eb75c4295246aaa83c0
      url: "https://pub.dev"
    source: hosted
    version: "2.10.0"
  firebase_crashlytics:
    dependency: "direct main"
    description:
      name: firebase_crashlytics
      sha256: "5125b7f3fcef2bfdd7e071afe7edcefd9597968003e44e073456c773d91694ee"
      url: "https://pub.dev"
    source: hosted
    version: "3.4.9"
  firebase_crashlytics_platform_interface:
    dependency: transitive
    description:
      name: firebase_crashlytics_platform_interface
      sha256: "359197344def001589c84f8d1d57c05f6e2e773f559205610ce58c25e2045a57"
      url: "https://pub.dev"
    source: hosted
    version: "3.6.16"
  firebase_database:
    dependency: "direct main"
    description:
      name: firebase_database
      sha256: "8568ad41f9312ab1f162f70c1e3e7cb7420b8bc8d07e4d543e575bb0cb41f8a5"
      url: "https://pub.dev"
    source: hosted
    version: "10.4.0"
  firebase_database_platform_interface:
    dependency: transitive
    description:
      name: firebase_database_platform_interface
      sha256: "4366ade2390f8799a317bb13af29c2a1fdfc84f4d04372094756b86a6cbfd305"
      url: "https://pub.dev"
    source: hosted
    version: "0.2.5+16"
  firebase_database_web:
    dependency: transitive
    description:
      name: firebase_database_web
      sha256: "4920a83b917493b37fd408cbb01c289ef8a422d9ed48982f908a9850290262f9"
      url: "https://pub.dev"
    source: hosted
    version: "0.2.3+16"
  firebase_performance:
    dependency: "direct main"
    description:
      name: firebase_performance
      sha256: "9df1c993365814ea6e75be9da4e2545afe2c5d4b27fce02af2e7050b04eb3396"
      url: "https://pub.dev"
    source: hosted
    version: "0.9.3+8"
  firebase_performance_platform_interface:
    dependency: transitive
    description:
      name: firebase_performance_platform_interface
      sha256: a2be699e610f684260984cc327cffb43c72a09f75c1f27084c247adef10faa57
      url: "https://pub.dev"
    source: hosted
    version: "0.1.4+16"
  firebase_performance_web:
    dependency: transitive
    description:
      name: firebase_performance_web
      sha256: "73fa046809a3292c04836d362f568146c344951d641d5582dab57c843955f225"
      url: "https://pub.dev"
    source: hosted
    version: "0.1.4+16"
  flutter:
    dependency: "direct main"
    description: flutter
    source: sdk
    version: "0.0.0"
  flutter_animate:
    dependency: "direct main"
    description:
      name: flutter_animate
      sha256: "1dbc1aabfb8ec1e9d9feed2b675c21fb6b0a11f99be53ec3bc0f1901af6a8eb7"
      url: "https://pub.dev"
    source: hosted
    version: "4.3.0"
  flutter_hooks:
    dependency: "direct main"
    description:
      name: flutter_hooks
      sha256: "09f64db63fee3b2ab8b9038a1346be7d8986977fae3fec601275bf32455ccfc0"
      url: "https://pub.dev"
    source: hosted
    version: "0.20.4"
  flutter_keyboard_visibility:
    dependency: "direct main"
    description:
      name: flutter_keyboard_visibility
      sha256: "98664be7be0e3ffca00de50f7f6a287ab62c763fc8c762e0a21584584a3ff4f8"
      url: "https://pub.dev"
    source: hosted
    version: "6.0.0"
  flutter_keyboard_visibility_linux:
    dependency: transitive
    description:
      name: flutter_keyboard_visibility_linux
      sha256: "6fba7cd9bb033b6ddd8c2beb4c99ad02d728f1e6e6d9b9446667398b2ac39f08"
      url: "https://pub.dev"
    source: hosted
    version: "1.0.0"
  flutter_keyboard_visibility_macos:
    dependency: transitive
    description:
      name: flutter_keyboard_visibility_macos
      sha256: c5c49b16fff453dfdafdc16f26bdd8fb8d55812a1d50b0ce25fc8d9f2e53d086
      url: "https://pub.dev"
    source: hosted
    version: "1.0.0"
  flutter_keyboard_visibility_platform_interface:
    dependency: transitive
    description:
      name: flutter_keyboard_visibility_platform_interface
      sha256: e43a89845873f7be10cb3884345ceb9aebf00a659f479d1c8f4293fcb37022a4
      url: "https://pub.dev"
    source: hosted
    version: "2.0.0"
  flutter_keyboard_visibility_web:
    dependency: transitive
    description:
      name: flutter_keyboard_visibility_web
      sha256: d3771a2e752880c79203f8d80658401d0c998e4183edca05a149f5098ce6e3d1
      url: "https://pub.dev"
    source: hosted
    version: "2.0.0"
  flutter_keyboard_visibility_windows:
    dependency: transitive
    description:
      name: flutter_keyboard_visibility_windows
      sha256: fc4b0f0b6be9b93ae527f3d527fb56ee2d918cd88bbca438c478af7bcfd0ef73
      url: "https://pub.dev"
    source: hosted
    version: "1.0.0"
  flutter_neumorphic:
    dependency: "direct main"
    description:
      name: flutter_neumorphic
      sha256: "02606d937a3ceaa497b8a7c25f3efa95188bf93d77ebf0bd6552e432db4c2ec6"
      url: "https://pub.dev"
    source: hosted
    version: "3.2.0"
  flutter_spinkit:
    dependency: "direct main"
    description:
      name: flutter_spinkit
      sha256: b39c753e909d4796906c5696a14daf33639a76e017136c8d82bf3e620ce5bb8e
      url: "https://pub.dev"
    source: hosted
    version: "5.2.0"
  flutter_test:
    dependency: "direct dev"
    description: flutter
    source: sdk
    version: "0.0.0"
  flutter_web_plugins:
    dependency: transitive
    description: flutter
    source: sdk
    version: "0.0.0"
  freezed_annotation:
    dependency: transitive
    description:
      name: freezed_annotation
      sha256: c3fd9336eb55a38cc1bbd79ab17573113a8deccd0ecbbf926cca3c62803b5c2d
      url: "https://pub.dev"
    source: hosted
    version: "2.4.1"
  google_fonts:
    dependency: "direct main"
    description:
      name: google_fonts
      sha256: f0b8d115a13ecf827013ec9fc883390ccc0e87a96ed5347a3114cac177ef18e8
      url: "https://pub.dev"
    source: hosted
    version: "6.1.0"
  http:
    dependency: transitive
    description:
      name: http
      sha256: d4872660c46d929f6b8a9ef4e7a7eff7e49bbf0c4ec3f385ee32df5119175139
      url: "https://pub.dev"
    source: hosted
    version: "1.1.2"
  http_parser:
    dependency: transitive
    description:
      name: http_parser
      sha256: "2aa08ce0341cc9b354a498388e30986515406668dbcc4f7c950c3e715496693b"
      url: "https://pub.dev"
    source: hosted
    version: "4.0.2"
  in_app_purchase:
    dependency: "direct main"
    description:
      name: in_app_purchase
      sha256: "166e68175b97b92faa950c8cb5bc9fa5729352f7512685a32c75070250665ed6"
      url: "https://pub.dev"
    source: hosted
    version: "3.1.12"
  in_app_purchase_android:
    dependency: transitive
    description:
      name: in_app_purchase_android
      sha256: "3dbc9b2aa006f96d66e6802c7d2cf41bf8ea246254265c6a9fc01601a5c342ce"
      url: "https://pub.dev"
    source: hosted
    version: "0.3.0+16"
  in_app_purchase_platform_interface:
    dependency: transitive
    description:
      name: in_app_purchase_platform_interface
      sha256: "5168afbc54f406f741252b66d41872c1193a0066a6edcb587176290b92e2d537"
      url: "https://pub.dev"
    source: hosted
    version: "1.3.6"
  in_app_purchase_storekit:
    dependency: transitive
    description:
      name: in_app_purchase_storekit
      sha256: "4c29a82fcc68484fc3ac9ae5c2eab8bb3954e3a3d6059d1a31c8383630697fa6"
      url: "https://pub.dev"
    source: hosted
    version: "0.3.8"
  introduction_screen:
    dependency: "direct main"
    description:
      name: introduction_screen
      sha256: ffbae2e9e1e21e1d8d6a898385f11513c23f6e83436f78c26664f7f002a58caa
      url: "https://pub.dev"
    source: hosted
    version: "3.1.6"
  js:
    dependency: transitive
    description:
      name: js
      sha256: f2c445dce49627136094980615a031419f7f3eb393237e4ecd97ac15dea343f3
      url: "https://pub.dev"
    source: hosted
    version: "0.6.7"
  json_annotation:
    dependency: transitive
    description:
      name: json_annotation
      sha256: b10a7b2ff83d83c777edba3c6a0f97045ddadd56c944e1a23a3fdf43a1bf4467
      url: "https://pub.dev"
    source: hosted
    version: "4.8.1"
  lint:
    dependency: transitive
    description:
      name: lint
      sha256: "4a539aa34ec5721a2c7574ae2ca0336738ea4adc2a34887d54b7596310b33c85"
      url: "https://pub.dev"
    source: hosted
    version: "1.10.0"
  matcher:
    dependency: transitive
    description:
      name: matcher
      sha256: "1803e76e6653768d64ed8ff2e1e67bea3ad4b923eb5c56a295c3e634bad5960e"
      url: "https://pub.dev"
    source: hosted
    version: "0.12.16"
  material_color_utilities:
    dependency: transitive
    description:
      name: material_color_utilities
      sha256: "9528f2f296073ff54cb9fee677df673ace1218163c3bc7628093e7eed5203d41"
      url: "https://pub.dev"
    source: hosted
    version: "0.5.0"
  meta:
    dependency: transitive
    description:
      name: meta
      sha256: a6e590c838b18133bb482a2745ad77c5bb7715fb0451209e1a7567d416678b8e
      url: "https://pub.dev"
    source: hosted
    version: "1.10.0"
  nested:
    dependency: transitive
    description:
      name: nested
      sha256: "03bac4c528c64c95c722ec99280375a6f2fc708eec17c7b3f07253b626cd2a20"
      url: "https://pub.dev"
    source: hosted
    version: "1.0.0"
  path:
    dependency: transitive
    description:
      name: path
      sha256: "8829d8a55c13fc0e37127c29fedf290c102f4e40ae94ada574091fe0ff96c917"
      url: "https://pub.dev"
    source: hosted
    version: "1.8.3"
  path_provider:
    dependency: transitive
    description:
      name: path_provider
      sha256: a1aa8aaa2542a6bc57e381f132af822420216c80d4781f7aa085ca3229208aaa
      url: "https://pub.dev"
    source: hosted
    version: "2.1.1"
  path_provider_android:
    dependency: transitive
    description:
      name: path_provider_android
      sha256: "477184d672607c0a3bf68fbbf601805f92ef79c82b64b4d6eb318cbca4c48668"
      url: "https://pub.dev"
    source: hosted
    version: "2.2.2"
  path_provider_foundation:
    dependency: transitive
    description:
      name: path_provider_foundation
      sha256: "19314d595120f82aca0ba62787d58dde2cc6b5df7d2f0daf72489e38d1b57f2d"
      url: "https://pub.dev"
    source: hosted
    version: "2.3.1"
  path_provider_linux:
    dependency: transitive
    description:
      name: path_provider_linux
      sha256: f7a1fe3a634fe7734c8d3f2766ad746ae2a2884abe22e241a8b301bf5cac3279
      url: "https://pub.dev"
    source: hosted
    version: "2.2.1"
  path_provider_platform_interface:
    dependency: transitive
    description:
      name: path_provider_platform_interface
      sha256: "94b1e0dd80970c1ce43d5d4e050a9918fce4f4a775e6142424c30a29a363265c"
      url: "https://pub.dev"
    source: hosted
    version: "2.1.1"
  path_provider_windows:
    dependency: transitive
    description:
      name: path_provider_windows
      sha256: "8bc9f22eee8690981c22aa7fc602f5c85b497a6fb2ceb35ee5a5e5ed85ad8170"
      url: "https://pub.dev"
    source: hosted
    version: "2.2.1"
  patrol:
    dependency: "direct dev"
    description:
      name: patrol
      sha256: "2e854c62fd2ce430084ab3e0087065e3b2893086c506dba5ec13e21c871a1fd5"
      url: "https://pub.dev"
    source: hosted
    version: "3.5.1"
  patrol_finders:
    dependency: transitive
    description:
      name: patrol_finders
      sha256: ac33527cc1b63e3aa131dbd7107cfda8ee2df0fb4a4a423c067174a2e60db77b
      url: "https://pub.dev"
    source: hosted
    version: "2.0.2"
  platform:
    dependency: transitive
    description:
      name: platform
      sha256: "12220bb4b65720483f8fa9450b4332347737cf8213dd2840d8b2c823e47243ec"
      url: "https://pub.dev"
    source: hosted
    version: "3.1.4"
  plugin_platform_interface:
    dependency: transitive
    description:
      name: plugin_platform_interface
      sha256: "4820fbfdb9478b1ebae27888254d445073732dae3d6ea81f0b7e06d5dedc3f02"
      url: "https://pub.dev"
    source: hosted
    version: "2.1.8"
  provider:
    dependency: "direct main"
    description:
      name: provider
      sha256: "9a96a0a19b594dbc5bf0f1f27d2bc67d5f95957359b461cd9feb44ed6ae75096"
      url: "https://pub.dev"
    source: hosted
    version: "6.1.1"
  purchases_flutter:
    dependency: "direct main"
    description:
      name: purchases_flutter
      sha256: "0e87add3989b08dc80dbd42c9c4b053a6842a844dfad890224d24ebdf9a9335d"
      url: "https://pub.dev"
    source: hosted
    version: "6.6.0"
  shelf:
    dependency: transitive
    description:
      name: shelf
      sha256: ad29c505aee705f41a4d8963641f91ac4cee3c8fad5947e033390a7bd8180fa4
      url: "https://pub.dev"
    source: hosted
    version: "1.4.1"
  sky_engine:
    dependency: transitive
    description: flutter
    source: sdk
    version: "0.0.99"
  source_span:
    dependency: transitive
    description:
      name: source_span
      sha256: "53e943d4206a5e30df338fd4c6e7a077e02254531b138a15aec3bd143c1a8b3c"
      url: "https://pub.dev"
    source: hosted
    version: "1.10.0"
  stack_trace:
    dependency: transitive
    description:
      name: stack_trace
      sha256: "73713990125a6d93122541237550ee3352a2d84baad52d375a4cad2eb9b7ce0b"
      url: "https://pub.dev"
    source: hosted
    version: "1.11.1"
  stream_channel:
    dependency: transitive
    description:
      name: stream_channel
      sha256: ba2aa5d8cc609d96bbb2899c28934f9e1af5cddbd60a827822ea467161eb54e7
      url: "https://pub.dev"
    source: hosted
    version: "2.1.2"
  string_scanner:
    dependency: transitive
    description:
      name: string_scanner
      sha256: "556692adab6cfa87322a115640c11f13cb77b3f076ddcc5d6ae3c20242bedcde"
      url: "https://pub.dev"
    source: hosted
    version: "1.2.0"
  styled_widget:
    dependency: "direct main"
    description:
      name: styled_widget
      sha256: "4d439802919b6ccf10d1488798656da8804633b03012682dd1c8ca70a084aa84"
      url: "https://pub.dev"
    source: hosted
    version: "0.4.1"
  term_glyph:
    dependency: transitive
    description:
      name: term_glyph
      sha256: a29248a84fbb7c79282b40b8c72a1209db169a2e0542bce341da992fe1bc7e84
      url: "https://pub.dev"
    source: hosted
    version: "1.2.1"
  test_api:
    dependency: transitive
    description:
      name: test_api
      sha256: "5c2f730018264d276c20e4f1503fd1308dfbbae39ec8ee63c5236311ac06954b"
      url: "https://pub.dev"
    source: hosted
    version: "0.6.1"
  typed_data:
    dependency: transitive
    description:
      name: typed_data
      sha256: facc8d6582f16042dd49f2463ff1bd6e2c9ef9f3d5da3d9b087e244a7b564b3c
      url: "https://pub.dev"
    source: hosted
    version: "1.3.2"
  vector_math:
    dependency: transitive
    description:
      name: vector_math
      sha256: "80b3257d1492ce4d091729e3a67a60407d227c27241d6927be0130c98e741803"
      url: "https://pub.dev"
    source: hosted
    version: "2.1.4"
  web:
    dependency: transitive
    description:
      name: web
      sha256: afe077240a270dcfd2aafe77602b4113645af95d0ad31128cc02bce5ac5d5152
      url: "https://pub.dev"
    source: hosted
    version: "0.3.0"
  win32:
    dependency: transitive
    description:
      name: win32
      sha256: "464f5674532865248444b4c3daca12bd9bf2d7c47f759ce2617986e7229494a8"
      url: "https://pub.dev"
    source: hosted
    version: "5.2.0"
  xdg_directories:
    dependency: transitive
    description:
      name: xdg_directories
      sha256: faea9dee56b520b55a566385b84f2e8de55e7496104adada9962e0bd11bcff1d
      url: "https://pub.dev"
    source: hosted
    version: "1.0.4"
sdks:
  dart: ">=3.2.0 <4.0.0"
  flutter: ">=3.16.0"
