# Generated by pub
# See https://dart.dev/tools/pub/glossary#lockfile
packages:
  _flutterfire_internals:
    dependency: transitive
    description:
      name: _flutterfire_internals
      sha256: de9ecbb3ddafd446095f7e833c853aff2fa1682b017921fe63a833f9d6f0e422
      url: "https://pub.dev"
    source: hosted
    version: "1.3.54"
  animations:
    dependency: "direct main"
    description:
      name: animations
      sha256: d3d6dcfb218225bbe68e87ccf6378bbb2e32a94900722c5f81611dad089911cb
      url: "https://pub.dev"
    source: hosted
    version: "2.0.11"
  async:
    dependency: transitive
    description:
      name: async
      sha256: d2872f9c19731c2e5f10444b14686eb7cc85c76274bd6c16e1816bff9a3bab63
      url: "https://pub.dev"
    source: hosted
    version: "2.12.0"
  boolean_selector:
    dependency: transitive
    description:
      name: boolean_selector
      sha256: "8aab1771e1243a5063b8b0ff68042d67334e3feab9e95b9490f9a6ebf73b42ea"
      url: "https://pub.dev"
    source: hosted
    version: "2.1.2"
  characters:
    dependency: transitive
    description:
      name: characters
      sha256: f71061c654a3380576a52b451dd5532377954cf9dbd272a78fc8479606670803
      url: "https://pub.dev"
    source: hosted
    version: "1.4.0"
  clock:
    dependency: transitive
    description:
      name: clock
      sha256: fddb70d9b5277016c77a80201021d40a2247104d9f4aa7bab7157b7e3f05b84b
      url: "https://pub.dev"
    source: hosted
    version: "1.1.2"
  collection:
    dependency: transitive
    description:
      name: collection
      sha256: "2f5709ae4d3d59dd8f7cd309b4e023046b57d8a6c82130785d2b0e5868084e76"
      url: "https://pub.dev"
    source: hosted
    version: "1.19.1"
  crypto:
    dependency: "direct main"
    description:
      name: crypto
      sha256: "1e445881f28f22d6140f181e07737b22f1e099a5e1ff94b0af2f9e4a463f4855"
      url: "https://pub.dev"
    source: hosted
    version: "3.0.6"
  cupertino_icons:
    dependency: "direct main"
    description:
      name: cupertino_icons
      sha256: ba631d1c7f7bef6b729a622b7b752645a2d076dba9976925b8f25725a30e1ee6
      url: "https://pub.dev"
    source: hosted
    version: "1.0.8"
  dispose_scope:
    dependency: transitive
    description:
      name: dispose_scope
      sha256: "48ec38ca2631c53c4f8fa96b294c801e55c335db5e3fb9f82cede150cfe5a2af"
      url: "https://pub.dev"
    source: hosted
    version: "2.1.0"
  dots_indicator:
    dependency: "direct main"
    description:
      name: dots_indicator
      sha256: f1599baa429936ba87f06ae5f2adc920a367b16d08f74db58c3d0f6e93bcdb5c
      url: "https://pub.dev"
    source: hosted
    version: "2.1.2"
  equatable:
    dependency: transitive
    description:
      name: equatable
      sha256: "567c64b3cb4cf82397aac55f4f0cbd3ca20d77c6c03bedbc4ceaddc08904aef7"
      url: "https://pub.dev"
    source: hosted
    version: "2.0.7"
  fake_async:
    dependency: transitive
    description:
      name: fake_async
      sha256: "6a95e56b2449df2273fd8c45a662d6947ce1ebb7aafe80e550a3f68297f3cacc"
      url: "https://pub.dev"
    source: hosted
    version: "1.3.2"
  ffi:
    dependency: transitive
    description:
      name: ffi
      sha256: "289279317b4b16eb2bb7e271abccd4bf84ec9bdcbe999e278a94b804f5630418"
      url: "https://pub.dev"
    source: hosted
    version: "2.1.4"
  firebase_analytics:
    dependency: "direct main"
    description:
      name: firebase_analytics
      sha256: "2416b9d864412ab7b571dafded801bbcc7e29b5824623c055002d4d0819bea2b"
      url: "https://pub.dev"
    source: hosted
    version: "11.4.5"
  firebase_analytics_platform_interface:
    dependency: transitive
    description:
      name: firebase_analytics_platform_interface
      sha256: "3ccf5c876a8bea186016de4bcf53fc1bc6fa01236d740fb501d7ef9be356c58e"
      url: "https://pub.dev"
    source: hosted
    version: "4.3.5"
  firebase_analytics_web:
    dependency: transitive
    description:
      name: firebase_analytics_web
      sha256: "5e4e3f001b67c2034b76cb2a42a0eed330fb3a8fb41ad13eceb04e8d9a74f662"
      url: "https://pub.dev"
    source: hosted
    version: "0.5.10+11"
  firebase_auth:
    dependency: "direct main"
    description:
      name: firebase_auth
      sha256: "54c62b2d187709114dd09ce658a8803ee91f9119b0e0d3fc2245130ad9bff9ad"
      url: "https://pub.dev"
    source: hosted
    version: "5.5.2"
  firebase_auth_platform_interface:
    dependency: transitive
    description:
      name: firebase_auth_platform_interface
      sha256: "5402d13f4bb7f29f2fb819f3b6b5a5a56c9f714aef2276546d397e25ac1b6b8e"
      url: "https://pub.dev"
    source: hosted
    version: "7.6.2"
  firebase_auth_web:
    dependency: transitive
    description:
      name: firebase_auth_web
      sha256: "2be496911f0807895d5fe8067b70b7d758142dd7fb26485cbe23e525e2547764"
      url: "https://pub.dev"
    source: hosted
    version: "5.14.2"
  firebase_core:
    dependency: "direct main"
    description:
      name: firebase_core
      sha256: "017d17d9915670e6117497e640b2859e0b868026ea36bf3a57feb28c3b97debe"
      url: "https://pub.dev"
    source: hosted
    version: "3.13.0"
  firebase_core_platform_interface:
    dependency: transitive
    description:
      name: firebase_core_platform_interface
      sha256: d7253d255ff10f85cfd2adaba9ac17bae878fa3ba577462451163bd9f1d1f0bf
      url: "https://pub.dev"
    source: hosted
    version: "5.4.0"
  firebase_core_web:
    dependency: transitive
    description:
      name: firebase_core_web
      sha256: "129a34d1e0fb62e2b488d988a1fc26cc15636357e50944ffee2862efe8929b23"
      url: "https://pub.dev"
    source: hosted
    version: "2.22.0"
  firebase_crashlytics:
    dependency: "direct main"
    description:
      name: firebase_crashlytics
      sha256: f3fa4a17c2f061b16b2e3ac7aaed889ae954b8952d0fd3e0009a9870cde7bbd2
      url: "https://pub.dev"
    source: hosted
    version: "4.3.5"
  firebase_crashlytics_platform_interface:
    dependency: transitive
    description:
      name: firebase_crashlytics_platform_interface
      sha256: cedfbe39927711c0e56fc38bfecbd89e17816b21698a3d88d63298c530ed375c
      url: "https://pub.dev"
    source: hosted
    version: "3.8.5"
  firebase_database:
    dependency: "direct main"
    description:
      name: firebase_database
      sha256: "182ce4713d47ffc5f19a5a7b934867d1fae9c33081febcec8c062cb89fc14652"
      url: "https://pub.dev"
    source: hosted
    version: "11.3.5"
  firebase_database_platform_interface:
    dependency: transitive
    description:
      name: firebase_database_platform_interface
      sha256: b65f416dd2c8ac2d5322241e5411a24ed3da43d0f38aaf9ab6c211d72e52261b
      url: "https://pub.dev"
    source: hosted
    version: "0.2.6+5"
  firebase_database_web:
    dependency: transitive
    description:
      name: firebase_database_web
      sha256: "5203141fe00a1edfaed5f8e0444b8e4ef807a8ec6eca925621b1cab69b6c06e4"
      url: "https://pub.dev"
    source: hosted
    version: "0.2.6+11"
  firebase_performance:
    dependency: "direct main"
    description:
      name: firebase_performance
      sha256: b2503ec428b0a9bfde145cd4b07c750cb5ceec97cfcb661148efa9aad3e7c657
      url: "https://pub.dev"
    source: hosted
    version: "0.10.1+5"
  firebase_performance_platform_interface:
    dependency: transitive
    description:
      name: firebase_performance_platform_interface
      sha256: f2ebfda4c0059188588f8f3b5cbfa42f49c704f4405dc058483846d30e972301
      url: "https://pub.dev"
    source: hosted
    version: "0.1.5+5"
  firebase_performance_web:
    dependency: transitive
    description:
      name: firebase_performance_web
      sha256: "5e11487d85e2b70f1c9a028ab0e245b670cf4932b3591b2163a87dc388cc7989"
      url: "https://pub.dev"
    source: hosted
    version: "0.1.7+11"
  flutter:
    dependency: "direct main"
    description: flutter
    source: sdk
    version: "0.0.0"
  flutter_animate:
    dependency: "direct main"
    description:
      name: flutter_animate
      sha256: "7befe2d3252728afb77aecaaea1dec88a89d35b9b1d2eea6d04479e8af9117b5"
      url: "https://pub.dev"
    source: hosted
    version: "4.5.2"
  flutter_hooks:
    dependency: "direct main"
    description:
      name: flutter_hooks
      sha256: cde36b12f7188c85286fba9b38cc5a902e7279f36dd676967106c041dc9dde70
      url: "https://pub.dev"
    source: hosted
    version: "0.20.5"
  flutter_keyboard_visibility:
    dependency: "direct main"
    description:
      name: flutter_keyboard_visibility
      sha256: "98664be7be0e3ffca00de50f7f6a287ab62c763fc8c762e0a21584584a3ff4f8"
      url: "https://pub.dev"
    source: hosted
    version: "6.0.0"
  flutter_keyboard_visibility_linux:
    dependency: transitive
    description:
      name: flutter_keyboard_visibility_linux
      sha256: "6fba7cd9bb033b6ddd8c2beb4c99ad02d728f1e6e6d9b9446667398b2ac39f08"
      url: "https://pub.dev"
    source: hosted
    version: "1.0.0"
  flutter_keyboard_visibility_macos:
    dependency: transitive
    description:
      name: flutter_keyboard_visibility_macos
      sha256: c5c49b16fff453dfdafdc16f26bdd8fb8d55812a1d50b0ce25fc8d9f2e53d086
      url: "https://pub.dev"
    source: hosted
    version: "1.0.0"
  flutter_keyboard_visibility_platform_interface:
    dependency: transitive
    description:
      name: flutter_keyboard_visibility_platform_interface
      sha256: e43a89845873f7be10cb3884345ceb9aebf00a659f479d1c8f4293fcb37022a4
      url: "https://pub.dev"
    source: hosted
    version: "2.0.0"
  flutter_keyboard_visibility_web:
    dependency: transitive
    description:
      name: flutter_keyboard_visibility_web
      sha256: d3771a2e752880c79203f8d80658401d0c998e4183edca05a149f5098ce6e3d1
      url: "https://pub.dev"
    source: hosted
    version: "2.0.0"
  flutter_keyboard_visibility_windows:
    dependency: transitive
    description:
      name: flutter_keyboard_visibility_windows
      sha256: fc4b0f0b6be9b93ae527f3d527fb56ee2d918cd88bbca438c478af7bcfd0ef73
      url: "https://pub.dev"
    source: hosted
    version: "1.0.0"
  flutter_neumorphic:
    dependency: "direct main"
    description:
      name: flutter_neumorphic
      sha256: "02606d937a3ceaa497b8a7c25f3efa95188bf93d77ebf0bd6552e432db4c2ec6"
      url: "https://pub.dev"
    source: hosted
    version: "3.2.0"
  flutter_shaders:
    dependency: transitive
    description:
      name: flutter_shaders
      sha256: "34794acadd8275d971e02df03afee3dee0f98dbfb8c4837082ad0034f612a3e2"
      url: "https://pub.dev"
    source: hosted
    version: "0.1.3"
  flutter_spinkit:
    dependency: "direct main"
    description:
      name: flutter_spinkit
      sha256: d2696eed13732831414595b98863260e33e8882fc069ee80ec35d4ac9ddb0472
      url: "https://pub.dev"
    source: hosted
    version: "5.2.1"
  flutter_test:
    dependency: "direct dev"
    description: flutter
    source: sdk
    version: "0.0.0"
  flutter_web_plugins:
    dependency: transitive
    description: flutter
    source: sdk
    version: "0.0.0"
  freezed_annotation:
    dependency: transitive
    description:
      name: freezed_annotation
      sha256: c2e2d632dd9b8a2b7751117abcfc2b4888ecfe181bd9fca7170d9ef02e595fe2
      url: "https://pub.dev"
    source: hosted
    version: "2.4.4"
  google_fonts:
    dependency: "direct main"
    description:
      name: google_fonts
      sha256: b1ac0fe2832c9cc95e5e88b57d627c5e68c223b9657f4b96e1487aa9098c7b82
      url: "https://pub.dev"
    source: hosted
    version: "6.2.1"
  http:
    dependency: transitive
    description:
      name: http
      sha256: fe7ab022b76f3034adc518fb6ea04a82387620e19977665ea18d30a1cf43442f
      url: "https://pub.dev"
    source: hosted
    version: "1.3.0"
  http_parser:
    dependency: transitive
    description:
      name: http_parser
      sha256: "178d74305e7866013777bab2c3d8726205dc5a4dd935297175b19a23a2e66571"
      url: "https://pub.dev"
    source: hosted
    version: "4.1.2"
  in_app_purchase:
    dependency: "direct main"
    description:
      name: in_app_purchase
      sha256: "11a40f148eeb4f681a0572003e2b33432e110c90c1bbb4f9ef83b81ec0c4f737"
      url: "https://pub.dev"
    source: hosted
    version: "3.2.1"
  in_app_purchase_android:
    dependency: transitive
    description:
      name: in_app_purchase_android
      sha256: "475b6c6541b54e6878263270d291ca8d5d7ef044263115bdec45e1e59737e3ad"
      url: "https://pub.dev"
    source: hosted
    version: "0.4.0+1"
  in_app_purchase_platform_interface:
    dependency: transitive
    description:
      name: in_app_purchase_platform_interface
      sha256: "1d353d38251da5b9fea6635c0ebfc6bb17a2d28d0e86ea5e083bf64244f1fb4c"
      url: "https://pub.dev"
    source: hosted
    version: "1.4.0"
  in_app_purchase_storekit:
    dependency: transitive
    description:
      name: in_app_purchase_storekit
      sha256: "276831961023055b55a2156c1fc043f50f6215ff49fb0f5f2273da6eeb510ecf"
      url: "https://pub.dev"
    source: hosted
    version: "0.3.21"
  introduction_screen:
    dependency: "direct main"
    description:
      name: introduction_screen
      sha256: "17da579bce60abab46395b684de6e36557bcbe7caae963f402a872b5fc22adbe"
      url: "https://pub.dev"
    source: hosted
    version: "3.1.16"
  json_annotation:
    dependency: transitive
    description:
      name: json_annotation
      sha256: "1ce844379ca14835a50d2f019a3099f419082cfdd231cd86a142af94dd5c6bb1"
      url: "https://pub.dev"
    source: hosted
    version: "4.9.0"
  leak_tracker:
    dependency: transitive
    description:
      name: leak_tracker
      sha256: c35baad643ba394b40aac41080300150a4f08fd0fd6a10378f8f7c6bc161acec
      url: "https://pub.dev"
    source: hosted
    version: "10.0.8"
  leak_tracker_flutter_testing:
    dependency: transitive
    description:
      name: leak_tracker_flutter_testing
      sha256: f8b613e7e6a13ec79cfdc0e97638fddb3ab848452eff057653abd3edba760573
      url: "https://pub.dev"
    source: hosted
    version: "3.0.9"
  leak_tracker_testing:
    dependency: transitive
    description:
      name: leak_tracker_testing
      sha256: "6ba465d5d76e67ddf503e1161d1f4a6bc42306f9d66ca1e8f079a47290fb06d3"
      url: "https://pub.dev"
    source: hosted
    version: "3.0.1"
  lint:
    dependency: transitive
    description:
      name: lint
      sha256: "4a539aa34ec5721a2c7574ae2ca0336738ea4adc2a34887d54b7596310b33c85"
      url: "https://pub.dev"
    source: hosted
    version: "1.10.0"
  matcher:
    dependency: transitive
    description:
      name: matcher
      sha256: dc58c723c3c24bf8d3e2d3ad3f2f9d7bd9cf43ec6feaa64181775e60190153f2
      url: "https://pub.dev"
    source: hosted
    version: "0.12.17"
  material_color_utilities:
    dependency: transitive
    description:
      name: material_color_utilities
      sha256: f7142bb1154231d7ea5f96bc7bde4bda2a0945d2806bb11670e30b850d56bdec
      url: "https://pub.dev"
    source: hosted
    version: "0.11.1"
  meta:
    dependency: transitive
    description:
      name: meta
      sha256: e3641ec5d63ebf0d9b41bd43201a66e3fc79a65db5f61fc181f04cd27aab950c
      url: "https://pub.dev"
    source: hosted
    version: "1.16.0"
  nested:
    dependency: transitive
    description:
      name: nested
      sha256: "03bac4c528c64c95c722ec99280375a6f2fc708eec17c7b3f07253b626cd2a20"
      url: "https://pub.dev"
    source: hosted
    version: "1.0.0"
  path:
    dependency: transitive
    description:
      name: path
      sha256: "75cca69d1490965be98c73ceaea117e8a04dd21217b37b292c9ddbec0d955bc5"
      url: "https://pub.dev"
    source: hosted
    version: "1.9.1"
  path_provider:
    dependency: transitive
    description:
      name: path_provider
      sha256: "50c5dd5b6e1aaf6fb3a78b33f6aa3afca52bf903a8a5298f53101fdaee55bbcd"
      url: "https://pub.dev"
    source: hosted
    version: "2.1.5"
  path_provider_android:
    dependency: transitive
    description:
      name: path_provider_android
      sha256: "0ca7359dad67fd7063cb2892ab0c0737b2daafd807cf1acecd62374c8fae6c12"
      url: "https://pub.dev"
    source: hosted
    version: "2.2.16"
  path_provider_foundation:
    dependency: transitive
    description:
      name: path_provider_foundation
      sha256: "4843174df4d288f5e29185bd6e72a6fbdf5a4a4602717eed565497429f179942"
      url: "https://pub.dev"
    source: hosted
    version: "2.4.1"
  path_provider_linux:
    dependency: transitive
    description:
      name: path_provider_linux
      sha256: f7a1fe3a634fe7734c8d3f2766ad746ae2a2884abe22e241a8b301bf5cac3279
      url: "https://pub.dev"
    source: hosted
    version: "2.2.1"
  path_provider_platform_interface:
    dependency: transitive
    description:
      name: path_provider_platform_interface
      sha256: "88f5779f72ba699763fa3a3b06aa4bf6de76c8e5de842cf6f29e2e06476c2334"
      url: "https://pub.dev"
    source: hosted
    version: "2.1.2"
  path_provider_windows:
    dependency: transitive
    description:
      name: path_provider_windows
      sha256: bd6f00dbd873bfb70d0761682da2b3a2c2fccc2b9e84c495821639601d81afe7
      url: "https://pub.dev"
    source: hosted
    version: "2.3.0"
  patrol:
    dependency: "direct dev"
    description:
      name: patrol
      sha256: "1002a9748d32aa8659062c1d403c5f90092b568b1771b7956608604a97935a20"
      url: "https://pub.dev"
    source: hosted
    version: "3.14.1"
  patrol_finders:
    dependency: transitive
    description:
      name: patrol_finders
      sha256: "4c6d78e00362fd15d7c21cfac110e501d08ada7d77000bad139b0c3c2e27ccaf"
      url: "https://pub.dev"
    source: hosted
    version: "2.7.0"
  patrol_log:
    dependency: transitive
    description:
      name: patrol_log
      sha256: "98b2701400c7a00b11533ab942bdeb44c3c714746e7cdb12e6cb93b6d06361da"
      url: "https://pub.dev"
    source: hosted
    version: "0.3.0"
  platform:
    dependency: transitive
    description:
      name: platform
      sha256: "5d6b1b0036a5f331ebc77c850ebc8506cbc1e9416c27e59b439f917a902a4984"
      url: "https://pub.dev"
    source: hosted
    version: "3.1.6"
  plugin_platform_interface:
    dependency: transitive
    description:
      name: plugin_platform_interface
      sha256: "4820fbfdb9478b1ebae27888254d445073732dae3d6ea81f0b7e06d5dedc3f02"
      url: "https://pub.dev"
    source: hosted
    version: "2.1.8"
  provider:
    dependency: "direct main"
    description:
      name: provider
      sha256: c8a055ee5ce3fd98d6fc872478b03823ffdb448699c6ebdbbc71d59b596fd48c
      url: "https://pub.dev"
    source: hosted
    version: "6.1.2"
  purchases_flutter:
    dependency: "direct main"
    description:
      name: purchases_flutter
      sha256: "83f58c4ef331c06af0548b009632ec2c45b119b87bf02a74f8f77a40e0f64bad"
      url: "https://pub.dev"
    source: hosted
    version: "6.30.2"
  shelf:
    dependency: transitive
    description:
      name: shelf
      sha256: e7dd780a7ffb623c57850b33f43309312fc863fb6aa3d276a754bb299839ef12
      url: "https://pub.dev"
    source: hosted
    version: "1.4.2"
  sky_engine:
    dependency: transitive
    description: flutter
    source: sdk
    version: "0.0.0"
  source_span:
    dependency: transitive
    description:
      name: source_span
      sha256: "254ee5351d6cb365c859e20ee823c3bb479bf4a293c22d17a9f1bf144ce86f7c"
      url: "https://pub.dev"
    source: hosted
    version: "1.10.1"
  stack_trace:
    dependency: transitive
    description:
      name: stack_trace
      sha256: "8b27215b45d22309b5cddda1aa2b19bdfec9df0e765f2de506401c071d38d1b1"
      url: "https://pub.dev"
    source: hosted
    version: "1.12.1"
  stream_channel:
    dependency: transitive
    description:
      name: stream_channel
      sha256: "969e04c80b8bcdf826f8f16579c7b14d780458bd97f56d107d3950fdbeef059d"
      url: "https://pub.dev"
    source: hosted
    version: "2.1.4"
  string_scanner:
    dependency: transitive
    description:
      name: string_scanner
      sha256: "921cd31725b72fe181906c6a94d987c78e3b98c2e205b397ea399d4054872b43"
      url: "https://pub.dev"
    source: hosted
    version: "1.4.1"
  styled_widget:
    dependency: "direct main"
    description:
      name: styled_widget
      sha256: "4d439802919b6ccf10d1488798656da8804633b03012682dd1c8ca70a084aa84"
      url: "https://pub.dev"
    source: hosted
    version: "0.4.1"
  term_glyph:
    dependency: transitive
    description:
      name: term_glyph
      sha256: "7f554798625ea768a7518313e58f83891c7f5024f88e46e7182a4558850a4b8e"
      url: "https://pub.dev"
    source: hosted
    version: "1.2.2"
  test_api:
    dependency: transitive
    description:
      name: test_api
      sha256: fb31f383e2ee25fbbfe06b40fe21e1e458d14080e3c67e7ba0acfde4df4e0bbd
      url: "https://pub.dev"
    source: hosted
    version: "0.7.4"
  typed_data:
    dependency: transitive
    description:
      name: typed_data
      sha256: f9049c039ebfeb4cf7a7104a675823cd72dba8297f264b6637062516699fa006
      url: "https://pub.dev"
    source: hosted
    version: "1.4.0"
  vector_math:
    dependency: transitive
    description:
      name: vector_math
      sha256: "80b3257d1492ce4d091729e3a67a60407d227c27241d6927be0130c98e741803"
      url: "https://pub.dev"
    source: hosted
    version: "2.1.4"
  vm_service:
    dependency: transitive
    description:
      name: vm_service
      sha256: "0968250880a6c5fe7edc067ed0a13d4bae1577fe2771dcf3010d52c4a9d3ca14"
      url: "https://pub.dev"
    source: hosted
    version: "14.3.1"
  web:
    dependency: transitive
    description:
      name: web
      sha256: "868d88a33d8a87b18ffc05f9f030ba328ffefba92d6c127917a2ba740f9cfe4a"
      url: "https://pub.dev"
    source: hosted
    version: "1.1.1"
  xdg_directories:
    dependency: transitive
    description:
      name: xdg_directories
      sha256: "7a3f37b05d989967cdddcbb571f1ea834867ae2faa29725fd085180e0883aa15"
      url: "https://pub.dev"
    source: hosted
    version: "1.1.0"
sdks:
  dart: ">=3.7.0 <4.0.0"
  flutter: ">=3.27.0"
